// !$*UTF8*$!
{
	archiveVersion = 1;
	classes = {
	};
	objectVersion = 51;
	objects = {

/* Begin PBXBuildFile section */
		02438BFC23E2C1AC0043CCE8 /* GoogleService-Info.plist in Resources */ = {isa = PBXBuildFile; fileRef = 02438BFB23E2C1AB0043CCE8 /* GoogleService-Info.plist */; };
		02D775DE23E1A62200283BF6 /* AppDelegate.swift in Sources */ = {isa = PBXBuildFile; fileRef = 02D775DD23E1A62200283BF6 /* AppDelegate.swift */; };
		02D775E223E1A62200283BF6 /* ViewController.swift in Sources */ = {isa = PBXBuildFile; fileRef = 02D775E123E1A62200283BF6 /* ViewController.swift */; };
		02D775E523E1A62200283BF6 /* Main.storyboard in Resources */ = {isa = PBXBuildFile; fileRef = 02D775E323E1A62200283BF6 /* Main.storyboard */; };
		02D775E723E1A62300283BF6 /* Assets.xcassets in Resources */ = {isa = PBXBuildFile; fileRef = 02D775E623E1A62300283BF6 /* Assets.xcassets */; };
		02D775EA23E1A62300283BF6 /* LaunchScreen.storyboard in Resources */ = {isa = PBXBuildFile; fileRef = 02D775E823E1A62300283BF6 /* LaunchScreen.storyboard */; };
		02D775F423E1AB9000283BF6 /* RemoteConfigDefaults.plist in Resources */ = {isa = PBXBuildFile; fileRef = 02D775F323E1AB9000283BF6 /* RemoteConfigDefaults.plist */; };
		02D775F623E1B95100283BF6 /* RCService.swift in Sources */ = {isa = PBXBuildFile; fileRef = 02D775F523E1B95100283BF6 /* RCService.swift */; };
		94DF5BD08AB46E9A2EA72E6D /* Pods_FirebaseRemoteConfigTrialApp.framework in Frameworks */ = {isa = PBXBuildFile; fileRef = CAAF2E6574B2FCE51D17B9DB /* Pods_FirebaseRemoteConfigTrialApp.framework */; };
/* End PBXBuildFile section */

/* Begin PBXFileReference section */
		02438BFB23E2C1AB0043CCE8 /* GoogleService-Info.plist */ = {isa = PBXFileReference; fileEncoding = 4; lastKnownFileType = text.plist.xml; path = "GoogleService-Info.plist"; sourceTree = "<group>"; };
		02D775DA23E1A62200283BF6 /* FirebaseRemoteConfigTrialApp.app */ = {isa = PBXFileReference; explicitFileType = wrapper.application; includeInIndex = 0; path = FirebaseRemoteConfigTrialApp.app; sourceTree = BUILT_PRODUCTS_DIR; };
		02D775DD23E1A62200283BF6 /* AppDelegate.swift */ = {isa = PBXFileReference; lastKnownFileType = sourcecode.swift; path = AppDelegate.swift; sourceTree = "<group>"; };
		02D775E123E1A62200283BF6 /* ViewController.swift */ = {isa = PBXFileReference; lastKnownFileType = sourcecode.swift; path = ViewController.swift; sourceTree = "<group>"; };
		02D775E423E1A62200283BF6 /* Base */ = {isa = PBXFileReference; lastKnownFileType = file.storyboard; name = Base; path = Base.lproj/Main.storyboard; sourceTree = "<group>"; };
		02D775E623E1A62300283BF6 /* Assets.xcassets */ = {isa = PBXFileReference; lastKnownFileType = folder.assetcatalog; path = Assets.xcassets; sourceTree = "<group>"; };
		02D775E923E1A62300283BF6 /* Base */ = {isa = PBXFileReference; lastKnownFileType = file.storyboard; name = Base; path = Base.lproj/LaunchScreen.storyboard; sourceTree = "<group>"; };
		02D775EB23E1A62300283BF6 /* Info.plist */ = {isa = PBXFileReference; lastKnownFileType = text.plist.xml; path = Info.plist; sourceTree = "<group>"; };
		02D775F323E1AB9000283BF6 /* RemoteConfigDefaults.plist */ = {isa = PBXFileReference; lastKnownFileType = text.plist.xml; path = RemoteConfigDefaults.plist; sourceTree = "<group>"; };
		02D775F523E1B95100283BF6 /* RCService.swift */ = {isa = PBXFileReference; lastKnownFileType = sourcecode.swift; path = RCService.swift; sourceTree = "<group>"; };
		4A4DE6126A70356F1D418A3C /* Pods-FirebaseRemoteConfigTrialApp.release.xcconfig */ = {isa = PBXFileReference; includeInIndex = 1; lastKnownFileType = text.xcconfig; name = "Pods-FirebaseRemoteConfigTrialApp.release.xcconfig"; path = "Target Support Files/Pods-FirebaseRemoteConfigTrialApp/Pods-FirebaseRemoteConfigTrialApp.release.xcconfig"; sourceTree = "<group>"; };
		CAAF2E6574B2FCE51D17B9DB /* Pods_FirebaseRemoteConfigTrialApp.framework */ = {isa = PBXFileReference; explicitFileType = wrapper.framework; includeInIndex = 0; path = Pods_FirebaseRemoteConfigTrialApp.framework; sourceTree = BUILT_PRODUCTS_DIR; };
		D8EB7254826A8E2F0DD41A1E /* Pods-FirebaseRemoteConfigTrialApp.debug.xcconfig */ = {isa = PBXFileReference; includeInIndex = 1; lastKnownFileType = text.xcconfig; name = "Pods-FirebaseRemoteConfigTrialApp.debug.xcconfig"; path = "Target Support Files/Pods-FirebaseRemoteConfigTrialApp/Pods-FirebaseRemoteConfigTrialApp.debug.xcconfig"; sourceTree = "<group>"; };
/* End PBXFileReference section */

/* Begin PBXFrameworksBuildPhase section */
		02D775D723E1A62200283BF6 /* Frameworks */ = {
			isa = PBXFrameworksBuildPhase;
			buildActionMask = 2147483647;
			files = (
				94DF5BD08AB46E9A2EA72E6D /* Pods_FirebaseRemoteConfigTrialApp.framework in Frameworks */,
			);
			runOnlyForDeploymentPostprocessing = 0;
		};
/* End PBXFrameworksBuildPhase section */

/* Begin PBXGroup section */
		02D775D123E1A62200283BF6 = {
			isa = PBXGroup;
			children = (
				02D775DC23E1A62200283BF6 /* FirebaseRemoteConfigTrialApp */,
				02D775DB23E1A62200283BF6 /* Products */,
				F57F406FE0172CE9A92D6957 /* Pods */,
				E2F18ECEC6B5A971359D6FEA /* Frameworks */,
			);
			sourceTree = "<group>";
		};
		02D775DB23E1A62200283BF6 /* Products */ = {
			isa = PBXGroup;
			children = (
				02D775DA23E1A62200283BF6 /* FirebaseRemoteConfigTrialApp.app */,
			);
			name = Products;
			sourceTree = "<group>";
		};
		02D775DC23E1A62200283BF6 /* FirebaseRemoteConfigTrialApp */ = {
			isa = PBXGroup;
			children = (
				02D775DD23E1A62200283BF6 /* AppDelegate.swift */,
				02D775E123E1A62200283BF6 /* ViewController.swift */,
				02D775F523E1B95100283BF6 /* RCService.swift */,
				02D775E323E1A62200283BF6 /* Main.storyboard */,
				02D775E623E1A62300283BF6 /* Assets.xcassets */,
				02D775E823E1A62300283BF6 /* LaunchScreen.storyboard */,
				02D775EB23E1A62300283BF6 /* Info.plist */,
				02438BFB23E2C1AB0043CCE8 /* GoogleService-Info.plist */,
				02D775F323E1AB9000283BF6 /* RemoteConfigDefaults.plist */,
			);
			path = FirebaseRemoteConfigTrialApp;
			sourceTree = "<group>";
		};
		E2F18ECEC6B5A971359D6FEA /* Frameworks */ = {
			isa = PBXGroup;
			children = (
				CAAF2E6574B2FCE51D17B9DB /* Pods_FirebaseRemoteConfigTrialApp.framework */,
			);
			name = Frameworks;
			sourceTree = "<group>";
		};
		F57F406FE0172CE9A92D6957 /* Pods */ = {
			isa = PBXGroup;
			children = (
				D8EB7254826A8E2F0DD41A1E /* Pods-FirebaseRemoteConfigTrialApp.debug.xcconfig */,
				4A4DE6126A70356F1D418A3C /* Pods-FirebaseRemoteConfigTrialApp.release.xcconfig */,
			);
			path = Pods;
			sourceTree = "<group>";
		};
/* End PBXGroup section */

/* Begin PBXNativeTarget section */
		02D775D923E1A62200283BF6 /* FirebaseRemoteConfigTrialApp */ = {
			isa = PBXNativeTarget;
			buildConfigurationList = 02D775EE23E1A62300283BF6 /* Build configuration list for PBXNativeTarget "FirebaseRemoteConfigTrialApp" */;
			buildPhases = (
				8F8C58BBB3E15A1FF91A2A63 /* [CP] Check Pods Manifest.lock */,
				02D775D623E1A62200283BF6 /* Sources */,
				02D775D723E1A62200283BF6 /* Frameworks */,
				02D775D823E1A62200283BF6 /* Resources */,
				C2F372CAC657FB7228DD928D /* [CP] Embed Pods Frameworks */,
			);
			buildRules = (
			);
			dependencies = (
			);
			name = FirebaseRemoteConfigTrialApp;
			productName = FirebaseRemoteConfigTrialApp;
			productReference = 02D775DA23E1A62200283BF6 /* FirebaseRemoteConfigTrialApp.app */;
			productType = "com.apple.product-type.application";
		};
/* End PBXNativeTarget section */

/* Begin PBXProject section */
		02D775D223E1A62200283BF6 /* Project object */ = {
			isa = PBXProject;
			attributes = {
				LastSwiftUpdateCheck = 1120;
				LastUpgradeCheck = 1120;
				ORGANIZATIONNAME = "Koray Yildiz";
				TargetAttributes = {
					02D775D923E1A62200283BF6 = {
						CreatedOnToolsVersion = 11.2.1;
					};
				};
			};
			buildConfigurationList = 02D775D523E1A62200283BF6 /* Build configuration list for PBXProject "FirebaseRemoteConfigTrialApp" */;
			compatibilityVersion = "Xcode 9.3";
			developmentRegion = en;
			hasScannedForEncodings = 0;
			knownRegions = (
				en,
				Base,
			);
			mainGroup = 02D775D123E1A62200283BF6;
			productRefGroup = 02D775DB23E1A62200283BF6 /* Products */;
			projectDirPath = "";
			projectRoot = "";
			targets = (
				02D775D923E1A62200283BF6 /* FirebaseRemoteConfigTrialApp */,
			);
		};
/* End PBXProject section */

/* Begin PBXResourcesBuildPhase section */
		02D775D823E1A62200283BF6 /* Resources */ = {
			isa = PBXResourcesBuildPhase;
			buildActionMask = 2147483647;
			files = (
				02D775EA23E1A62300283BF6 /* LaunchScreen.storyboard in Resources */,
				02D775F423E1AB9000283BF6 /* RemoteConfigDefaults.plist in Resources */,
				02438BFC23E2C1AC0043CCE8 /* GoogleService-Info.plist in Resources */,
				02D775E723E1A62300283BF6 /* Assets.xcassets in Resources */,
				02D775E523E1A62200283BF6 /* Main.storyboard in Resources */,
			);
			runOnlyForDeploymentPostprocessing = 0;
		};
/* End PBXResourcesBuildPhase section */

/* Begin PBXShellScriptBuildPhase section */
		8F8C58BBB3E15A1FF91A2A63 /* [CP] Check Pods Manifest.lock */ = {
			isa = PBXShellScriptBuildPhase;
			buildActionMask = 2147483647;
			files = (
			);
			inputFileListPaths = (
			);
			inputPaths = (
				"${PODS_PODFILE_DIR_PATH}/Podfile.lock",
				"${PODS_ROOT}/Manifest.lock",
			);
			name = "[CP] Check Pods Manifest.lock";
			outputFileListPaths = (
			);
			outputPaths = (
				"$(DERIVED_FILE_DIR)/Pods-FirebaseRemoteConfigTrialApp-checkManifestLockResult.txt",
			);
			runOnlyForDeploymentPostprocessing = 0;
			shellPath = /bin/sh;
			shellScript = "diff \"${PODS_PODFILE_DIR_PATH}/Podfile.lock\" \"${PODS_ROOT}/Manifest.lock\" > /dev/null\nif [ $? != 0 ] ; then\n    # print error to STDERR\n    echo \"error: The sandbox is not in sync with the Podfile.lock. Run 'pod install' or update your CocoaPods installation.\" >&2\n    exit 1\nfi\n# This output is used by Xcode 'outputs' to avoid re-running this script phase.\necho \"SUCCESS\" > \"${SCRIPT_OUTPUT_FILE_0}\"\n";
			showEnvVarsInLog = 0;
		};
		C2F372CAC657FB7228DD928D /* [CP] Embed Pods Frameworks */ = {
			isa = PBXShellScriptBuildPhase;
			buildActionMask = 2147483647;
			files = (
			);
			inputFileListPaths = (
				"${PODS_ROOT}/Target Support Files/Pods-FirebaseRemoteConfigTrialApp/Pods-FirebaseRemoteConfigTrialApp-frameworks-${CONFIGURATION}-input-files.xcfilelist",
			);
			name = "[CP] Embed Pods Frameworks";
			outputFileListPaths = (
				"${PODS_ROOT}/Target Support Files/Pods-FirebaseRemoteConfigTrialApp/Pods-FirebaseRemoteConfigTrialApp-frameworks-${CONFIGURATION}-output-files.xcfilelist",
			);
			runOnlyForDeploymentPostprocessing = 0;
			shellPath = /bin/sh;
			shellScript = "\"${PODS_ROOT}/Target Support Files/Pods-FirebaseRemoteConfigTrialApp/Pods-FirebaseRemoteConfigTrialApp-frameworks.sh\"\n";
			showEnvVarsInLog = 0;
		};
/* End PBXShellScriptBuildPhase section */

/* Begin PBXSourcesBuildPhase section */
		02D775D623E1A62200283BF6 /* Sources */ = {
			isa = PBXSourcesBuildPhase;
			buildActionMask = 2147483647;
			files = (
				02D775E223E1A62200283BF6 /* ViewController.swift in Sources */,
				02D775DE23E1A62200283BF6 /* AppDelegate.swift in Sources */,
				02D775F623E1B95100283BF6 /* RCService.swift in Sources */,
			);
			runOnlyForDeploymentPostprocessing = 0;
		};
/* End PBXSourcesBuildPhase section */

/* Begin PBXVariantGroup section */
		02D775E323E1A62200283BF6 /* Main.storyboard */ = {
			isa = PBXVariantGroup;
			children = (
				02D775E423E1A62200283BF6 /* Base */,
			);
			name = Main.storyboard;
			sourceTree = "<group>";
		};
		02D775E823E1A62300283BF6 /* LaunchScreen.storyboard */ = {
			isa = PBXVariantGroup;
			children = (
				02D775E923E1A62300283BF6 /* Base */,
			);
			name = LaunchScreen.storyboard;
			sourceTree = "<group>";
		};
/* End PBXVariantGroup section */

/* Begin XCBuildConfiguration section */
		02D775EC23E1A62300283BF6 /* Debug */ = {
			isa = XCBuildConfiguration;
			buildSettings = {
				ALWAYS_SEARCH_USER_PATHS = NO;
				CLANG_ANALYZER_NONNULL = YES;
				CLANG_ANALYZER_NUMBER_OBJECT_CONVERSION = YES_AGGRESSIVE;
				CLANG_CXX_LANGUAGE_STANDARD = "gnu++14";
				CLANG_CXX_LIBRARY = "libc++";
				CLANG_ENABLE_MODULES = YES;
				CLANG_ENABLE_OBJC_ARC = YES;
				CLANG_ENABLE_OBJC_WEAK = YES;
				CLANG_WARN_BLOCK_CAPTURE_AUTORELEASING = YES;
				CLANG_WARN_BOOL_CONVERSION = YES;
				CLANG_WARN_COMMA = YES;
				CLANG_WARN_CONSTANT_CONVERSION = YES;
				CLANG_WARN_DEPRECATED_OBJC_IMPLEMENTATIONS = YES;
				CLANG_WARN_DIRECT_OBJC_ISA_USAGE = YES_ERROR;
				CLANG_WARN_DOCUMENTATION_COMMENTS = YES;
				CLANG_WARN_EMPTY_BODY = YES;
				CLANG_WARN_ENUM_CONVERSION = YES;
				CLANG_WARN_INFINITE_RECURSION = YES;
				CLANG_WARN_INT_CONVERSION = YES;
				CLANG_WARN_NON_LITERAL_NULL_CONVERSION = YES;
				CLANG_WARN_OBJC_IMPLICIT_RETAIN_SELF = YES;
				CLANG_WARN_OBJC_LITERAL_CONVERSION = YES;
				CLANG_WARN_OBJC_ROOT_CLASS = YES_ERROR;
				CLANG_WARN_RANGE_LOOP_ANALYSIS = YES;
				CLANG_WARN_STRICT_PROTOTYPES = YES;
				CLANG_WARN_SUSPICIOUS_MOVE = YES;
				CLANG_WARN_UNGUARDED_AVAILABILITY = YES_AGGRESSIVE;
				CLANG_WARN_UNREACHABLE_CODE = YES;
				CLANG_WARN__DUPLICATE_METHOD_MATCH = YES;
				COPY_PHASE_STRIP = NO;
				DEBUG_INFORMATION_FORMAT = dwarf;
				ENABLE_STRICT_OBJC_MSGSEND = YES;
				ENABLE_TESTABILITY = YES;
				GCC_C_LANGUAGE_STANDARD = gnu11;
				GCC_DYNAMIC_NO_PIC = NO;
				GCC_NO_COMMON_BLOCKS = YES;
				GCC_OPTIMIZATION_LEVEL = 0;
				GCC_PREPROCESSOR_DEFINITIONS = (
					"DEBUG=1",
					"$(inherited)",
				);
				GCC_WARN_64_TO_32_BIT_CONVERSION = YES;
				GCC_WARN_ABOUT_RETURN_TYPE = YES_ERROR;
				GCC_WARN_UNDECLARED_SELECTOR = YES;
				GCC_WARN_UNINITIALIZED_AUTOS = YES_AGGRESSIVE;
				GCC_WARN_UNUSED_FUNCTION = YES;
				GCC_WARN_UNUSED_VARIABLE = YES;
				IPHONEOS_DEPLOYMENT_TARGET = 11.0;
				MTL_ENABLE_DEBUG_INFO = INCLUDE_SOURCE;
				MTL_FAST_MATH = YES;
				ONLY_ACTIVE_ARCH = YES;
				SDKROOT = iphoneos;
				SWIFT_ACTIVE_COMPILATION_CONDITIONS = DEBUG;
				SWIFT_OPTIMIZATION_LEVEL = "-Onone";
			};
			name = Debug;
		};
		02D775ED23E1A62300283BF6 /* Release */ = {
			isa = XCBuildConfiguration;
			buildSettings = {
				ALWAYS_SEARCH_USER_PATHS = NO;
				CLANG_ANALYZER_NONNULL = YES;
				CLANG_ANALYZER_NUMBER_OBJECT_CONVERSION = YES_AGGRESSIVE;
				CLANG_CXX_LANGUAGE_STANDARD = "gnu++14";
				CLANG_CXX_LIBRARY = "libc++";
				CLANG_ENABLE_MODULES = YES;
				CLANG_ENABLE_OBJC_ARC = YES;
				CLANG_ENABLE_OBJC_WEAK = YES;
				CLANG_WARN_BLOCK_CAPTURE_AUTORELEASING = YES;
				CLANG_WARN_BOOL_CONVERSION = YES;
				CLANG_WARN_COMMA = YES;
				CLANG_WARN_CONSTANT_CONVERSION = YES;
				CLANG_WARN_DEPRECATED_OBJC_IMPLEMENTATIONS = YES;
				CLANG_WARN_DIRECT_OBJC_ISA_USAGE = YES_ERROR;
				CLANG_WARN_DOCUMENTATION_COMMENTS = YES;
				CLANG_WARN_EMPTY_BODY = YES;
				CLANG_WARN_ENUM_CONVERSION = YES;
				CLANG_WARN_INFINITE_RECURSION = YES;
				CLANG_WARN_INT_CONVERSION = YES;
				CLANG_WARN_NON_LITERAL_NULL_CONVERSION = YES;
				CLANG_WARN_OBJC_IMPLICIT_RETAIN_SELF = YES;
				CLANG_WARN_OBJC_LITERAL_CONVERSION = YES;
				CLANG_WARN_OBJC_ROOT_CLASS = YES_ERROR;
				CLANG_WARN_RANGE_LOOP_ANALYSIS = YES;
				CLANG_WARN_STRICT_PROTOTYPES = YES;
				CLANG_WARN_SUSPICIOUS_MOVE = YES;
				CLANG_WARN_UNGUARDED_AVAILABILITY = YES_AGGRESSIVE;
				CLANG_WARN_UNREACHABLE_CODE = YES;
				CLANG_WARN__DUPLICATE_METHOD_MATCH = YES;
				COPY_PHASE_STRIP = NO;
				DEBUG_INFORMATION_FORMAT = "dwarf-with-dsym";
				ENABLE_NS_ASSERTIONS = NO;
				ENABLE_STRICT_OBJC_MSGSEND = YES;
				GCC_C_LANGUAGE_STANDARD = gnu11;
				GCC_NO_COMMON_BLOCKS = YES;
				GCC_WARN_64_TO_32_BIT_CONVERSION = YES;
				GCC_WARN_ABOUT_RETURN_TYPE = YES_ERROR;
				GCC_WARN_UNDECLARED_SELECTOR = YES;
				GCC_WARN_UNINITIALIZED_AUTOS = YES_AGGRESSIVE;
				GCC_WARN_UNUSED_FUNCTION = YES;
				GCC_WARN_UNUSED_VARIABLE = YES;
				IPHONEOS_DEPLOYMENT_TARGET = 11.0;
				MTL_ENABLE_DEBUG_INFO = NO;
				MTL_FAST_MATH = YES;
				SDKROOT = iphoneos;
				SWIFT_COMPILATION_MODE = wholemodule;
				SWIFT_OPTIMIZATION_LEVEL = "-O";
				VALIDATE_PRODUCT = YES;
			};
			name = Release;
		};
		02D775EF23E1A62300283BF6 /* Debug */ = {
			isa = XCBuildConfiguration;
			baseConfigurationReference = D8EB7254826A8E2F0DD41A1E /* Pods-FirebaseRemoteConfigTrialApp.debug.xcconfig */;
			buildSettings = {
				ASSETCATALOG_COMPILER_APPICON_NAME = AppIcon;
				CODE_SIGN_STYLE = Automatic;
				DEVELOPMENT_TEAM = VALK7BP96F;
				INFOPLIST_FILE = FirebaseRemoteConfigTrialApp/Info.plist;
				LD_RUNPATH_SEARCH_PATHS = (
					"$(inherited)",
					"@executable_path/Frameworks",
				);
				PRODUCT_BUNDLE_IDENTIFIER = com.yildizkoray.FirebaseRemoteConfigTrialApp;
				PRODUCT_NAME = "$(TARGET_NAME)";
				SWIFT_VERSION = 5.0;
				TARGETED_DEVICE_FAMILY = "1,2";
			};
			name = Debug;
		};
		02D775F023E1A62300283BF6 /* Release */ = {
			isa = XCBuildConfiguration;
			baseConfigurationReference = 4A4DE6126A70356F1D418A3C /* Pods-FirebaseRemoteConfigTrialApp.release.xcconfig */;
			buildSettings = {
				ASSETCATALOG_COMPILER_APPICON_NAME = AppIcon;
				CODE_SIGN_STYLE = Automatic;
				DEVELOPMENT_TEAM = VALK7BP96F;
				INFOPLIST_FILE = FirebaseRemoteConfigTrialApp/Info.plist;
				LD_RUNPATH_SEARCH_PATHS = (
					"$(inherited)",
					"@executable_path/Frameworks",
				);
				PRODUCT_BUNDLE_IDENTIFIER = com.yildizkoray.FirebaseRemoteConfigTrialApp;
				PRODUCT_NAME = "$(TARGET_NAME)";
				SWIFT_VERSION = 5.0;
				TARGETED_DEVICE_FAMILY = "1,2";
			};
			name = Release;
		};
/* End XCBuildConfiguration section */

/* Begin XCConfigurationList section */
		02D775D523E1A62200283BF6 /* Build configuration list for PBXProject "FirebaseRemoteConfigTrialApp" */ = {
			isa = XCConfigurationList;
			buildConfigurations = (
				02D775EC23E1A62300283BF6 /* Debug */,
				02D775ED23E1A62300283BF6 /* Release */,
			);
			defaultConfigurationIsVisible = 0;
			defaultConfigurationName = Release;
		};
		02D775EE23E1A62300283BF6 /* Build configuration list for PBXNativeTarget "FirebaseRemoteConfigTrialApp" */ = {
			isa = XCConfigurationList;
			buildConfigurations = (
				02D775EF23E1A62300283BF6 /* Debug */,
				02D775F023E1A62300283BF6 /* Release */,
			);
			defaultConfigurationIsVisible = 0;
			defaultConfigurationName = Release;
		};
/* End XCConfigurationList section */
	};
	rootObject = 02D775D223E1A62200283BF6 /* Project object */;
}
